Microsoft Visual Studio Solution File, Format Version 12.00
# Visual Studio Version 17
VisualStudioVersion = 17.5.2.0
MinimumVisualStudioVersion = 10.0.40219.1
Project("{FAE04EC0-301F-11D3-BF4B-00C04F79EFBC}") = "AgilpayBackend", "csharp-backend\AgilpayBackend.csproj", "{F5783AF1-58A8-4CD9-4506-F3E17A841B00}"
EndProject
Global
	GlobalSection(SolutionConfigurationPlatforms) = preSolution
		Debug|Any CPU = Debug|Any CPU
		Release|Any CPU = Release|Any CPU
	EndGlobalSection
	GlobalSection(ProjectConfigurationPlatforms) = postSolution
		{F5783AF1-58A8-4CD9-4506-F3E17A841B00}.Debug|Any CPU.ActiveCfg = Debug|Any CPU
		{F5783AF1-58A8-4CD9-4506-F3E17A841B00}.Debug|Any CPU.Build.0 = Debug|Any CPU
		{F5783AF1-58A8-4CD9-4506-F3E17A841B00}.Release|Any CPU.ActiveCfg = Release|Any CPU
		{F5783AF1-58A8-4CD9-4506-F3E17A841B00}.Release|Any CPU.Build.0 = Release|Any CPU
	EndGlobalSection
	GlobalSection(SolutionProperties) = preSolution
		HideSolutionNode = FALSE
	EndGlobalSection
	GlobalSection(ExtensibilityGlobals) = postSolution
		SolutionGuid = {49104CA6-A2C2-40DE-B152-1D8E9B1DC74D}
	EndGlobalSection
EndGlobal
